
Microsoft Visual Studio Solution File, Format Version 12.00
# Visual Studio Version 17
VisualStudioVersion = 17.0.31903.59
MinimumVisualStudioVersion = 10.0.40219.1
Project("{FAE04EC0-301F-11D3-BF4B-00C04F79EFBC}") = "API", "API\API.csproj", "{D93D9AA9-4182-40A2-B308-6E849E5166D5}"
EndProject
Project("{FAE04EC0-301F-11D3-BF4B-00C04F79EFBC}") = "Application", "Application\Application.csproj", "{1B03C725-5779-4F12-82D4-8C85D1D60182}"
EndProject
Project("{FAE04EC0-301F-11D3-BF4B-00C04F79EFBC}") = "Domain", "Domain\Domain.csproj", "{DB1356E3-96E5-41CC-8AA2-9347761B0320}"
EndProject
Project("{FAE04EC0-301F-11D3-BF4B-00C04F79EFBC}") = "Persistence", "Persistence\Persistence.csproj", "{611D7056-69C4-4C22-8A6C-A5CF12F4C210}"
EndProject
Global
	GlobalSection(SolutionConfigurationPlatforms) = preSolution
		Debug|Any CPU = Debug|Any CPU
		Release|Any CPU = Release|Any CPU
	EndGlobalSection
	GlobalSection(SolutionProperties) = preSolution
		HideSolutionNode = FALSE
	EndGlobalSection
	GlobalSection(ProjectConfigurationPlatforms) = postSolution
		{D93D9AA9-4182-40A2-B308-6E849E5166D5}.Debug|Any CPU.ActiveCfg = Debug|Any CPU
		{D93D9AA9-4182-40A2-B308-6E849E5166D5}.Debug|Any CPU.Build.0 = Debug|Any CPU
		{D93D9AA9-4182-40A2-B308-6E849E5166D5}.Release|Any CPU.ActiveCfg = Release|Any CPU
		{D93D9AA9-4182-40A2-B308-6E849E5166D5}.Release|Any CPU.Build.0 = Release|Any CPU
		{1B03C725-5779-4F12-82D4-8C85D1D60182}.Debug|Any CPU.ActiveCfg = Debug|Any CPU
		{1B03C725-5779-4F12-82D4-8C85D1D60182}.Debug|Any CPU.Build.0 = Debug|Any CPU
		{1B03C725-5779-4F12-82D4-8C85D1D60182}.Release|Any CPU.ActiveCfg = Release|Any CPU
		{1B03C725-5779-4F12-82D4-8C85D1D60182}.Release|Any CPU.Build.0 = Release|Any CPU
		{DB1356E3-96E5-41CC-8AA2-9347761B0320}.Debug|Any CPU.ActiveCfg = Debug|Any CPU
		{DB1356E3-96E5-41CC-8AA2-9347761B0320}.Debug|Any CPU.Build.0 = Debug|Any CPU
		{DB1356E3-96E5-41CC-8AA2-9347761B0320}.Release|Any CPU.ActiveCfg = Release|Any CPU
		{DB1356E3-96E5-41CC-8AA2-9347761B0320}.Release|Any CPU.Build.0 = Release|Any CPU
		{611D7056-69C4-4C22-8A6C-A5CF12F4C210}.Debug|Any CPU.ActiveCfg = Debug|Any CPU
		{611D7056-69C4-4C22-8A6C-A5CF12F4C210}.Debug|Any CPU.Build.0 = Debug|Any CPU
		{611D7056-69C4-4C22-8A6C-A5CF12F4C210}.Release|Any CPU.ActiveCfg = Release|Any CPU
		{611D7056-69C4-4C22-8A6C-A5CF12F4C210}.Release|Any CPU.Build.0 = Release|Any CPU
	EndGlobalSection
EndGlobal
